Microsoft Visual Studio Solution File, Format Version 12.00
# Visual Studio Version 16
VisualStudioVersion = 16.0.29424.173
MinimumVisualStudioVersion = 15.0.26124.0
Project("{9A19103F-16F7-4668-BE54-9A1E7A4F7556}") = "Deathstar.Canteen", "Deathstar.Canteen\Deathstar.Canteen.csproj", "{DD57707A-AE6E-4FE2-A93D-9C08C51BD5BC}"
EndProject
Project("{9A19103F-16F7-4668-BE54-9A1E7A4F7556}") = "Deathstar.Canteen.Tests", "Deathstar.Canteen.Tests\Deathstar.Canteen.Tests.csproj", "{800785F4-B15A-4FDC-9E3D-CDAF1FEC0B2A}"
EndProject
Global
	GlobalSection(SolutionConfigurationPlatforms) = preSolution
		Debug|Any CPU = Debug|Any CPU
		Debug|x64 = Debug|x64
		Debug|x86 = Debug|x86
		Release|Any CPU = Release|Any CPU
		Release|x64 = Release|x64
		Release|x86 = Release|x86
	EndGlobalSection
	GlobalSection(ProjectConfigurationPlatforms) = postSolution
		{DD57707A-AE6E-4FE2-A93D-9C08C51BD5BC}.Debug|Any CPU.ActiveCfg = Debug|Any CPU
		{DD57707A-AE6E-4FE2-A93D-9C08C51BD5BC}.Debug|Any CPU.Build.0 = Debug|Any CPU
		{DD57707A-AE6E-4FE2-A93D-9C08C51BD5BC}.Debug|x64.ActiveCfg = Debug|Any CPU
		{DD57707A-AE6E-4FE2-A93D-9C08C51BD5BC}.Debug|x64.Build.0 = Debug|Any CPU
		{DD57707A-AE6E-4FE2-A93D-9C08C51BD5BC}.Debug|x86.ActiveCfg = Debug|Any CPU
		{DD57707A-AE6E-4FE2-A93D-9C08C51BD5BC}.Debug|x86.Build.0 = Debug|Any CPU
		{DD57707A-AE6E-4FE2-A93D-9C08C51BD5BC}.Release|Any CPU.ActiveCfg = Release|Any CPU
		{DD57707A-AE6E-4FE2-A93D-9C08C51BD5BC}.Release|Any CPU.Build.0 = Release|Any CPU
		{DD57707A-AE6E-4FE2-A93D-9C08C51BD5BC}.Release|x64.ActiveCfg = Release|Any CPU
		{DD57707A-AE6E-4FE2-A93D-9C08C51BD5BC}.Release|x64.Build.0 = Release|Any CPU
		{DD57707A-AE6E-4FE2-A93D-9C08C51BD5BC}.Release|x86.ActiveCfg = Release|Any CPU
		{DD57707A-AE6E-4FE2-A93D-9C08C51BD5BC}.Release|x86.Build.0 = Release|Any CPU
		{800785F4-B15A-4FDC-9E3D-CDAF1FEC0B2A}.Debug|Any CPU.ActiveCfg = Debug|Any CPU
		{800785F4-B15A-4FDC-9E3D-CDAF1FEC0B2A}.Debug|Any CPU.Build.0 = Debug|Any CPU
		{800785F4-B15A-4FDC-9E3D-CDAF1FEC0B2A}.Debug|x64.ActiveCfg = Debug|Any CPU
		{800785F4-B15A-4FDC-9E3D-CDAF1FEC0B2A}.Debug|x64.Build.0 = Debug|Any CPU
		{800785F4-B15A-4FDC-9E3D-CDAF1FEC0B2A}.Debug|x86.ActiveCfg = Debug|Any CPU
		{800785F4-B15A-4FDC-9E3D-CDAF1FEC0B2A}.Debug|x86.Build.0 = Debug|Any CPU
		{800785F4-B15A-4FDC-9E3D-CDAF1FEC0B2A}.Release|Any CPU.ActiveCfg = Release|Any CPU
		{800785F4-B15A-4FDC-9E3D-CDAF1FEC0B2A}.Release|Any CPU.Build.0 = Release|Any CPU
		{800785F4-B15A-4FDC-9E3D-CDAF1FEC0B2A}.Release|x64.ActiveCfg = Release|Any CPU
		{800785F4-B15A-4FDC-9E3D-CDAF1FEC0B2A}.Release|x64.Build.0 = Release|Any CPU
		{800785F4-B15A-4FDC-9E3D-CDAF1FEC0B2A}.Release|x86.ActiveCfg = Release|Any CPU
		{800785F4-B15A-4FDC-9E3D-CDAF1FEC0B2A}.Release|x86.Build.0 = Release|Any CPU
	EndGlobalSection
	GlobalSection(SolutionProperties) = preSolution
		HideSolutionNode = FALSE
	EndGlobalSection
	GlobalSection(ExtensibilityGlobals) = postSolution
		SolutionGuid = {62C0D9BB-0899-4856-949E-4937065DCDED}
	EndGlobalSection
EndGlobal
